
Microsoft Visual Studio Solution File, Format Version 12.00
# Visual Studio 2013
VisualStudioVersion = 12.0.21005.1
MinimumVisualStudioVersion = 10.0.40219.1
Project("{2150E333-8FDC-42A3-9474-1A3956D46DE8}") = "Business", "Business", "{BBB8A175-C937-4384-8F4F-700929F5D6A1}"
EndProject
Project("{2150E333-8FDC-42A3-9474-1A3956D46DE8}") = "Data", "Data", "{C41E164F-2CB1-4665-BABC-736F8FC00B71}"
EndProject
Project("{2150E333-8FDC-42A3-9474-1A3956D46DE8}") = "Domain", "Domain", "{202B2136-39F9-4DEC-BB85-B63383026EC4}"
EndProject
Project("{2150E333-8FDC-42A3-9474-1A3956D46DE8}") = "Framework", "Framework", "{78727552-1909-402E-B1D4-B67EEAB0F9F6}"
EndProject
Project("{2150E333-8FDC-42A3-9474-1A3956D46DE8}") = "Presentation", "Presentation", "{E2CE6FAA-D2CC-4B9A-B276-77CA40192824}"
EndProject
Project("{FAE04EC0-301F-11D3-BF4B-00C04F79EFBC}") = "Web", "Web\Web.csproj", "{2454CB59-DF13-4E6D-B790-FD2CE736649B}"
EndProject
Project("{FAE04EC0-301F-11D3-BF4B-00C04F79EFBC}") = "Web.Infrastructure", "Web.Infrastructure\Web.Infrastructure.csproj", "{F22A32B2-8444-437B-B45F-77F9CC459E0E}"
EndProject
Project("{FAE04EC0-301F-11D3-BF4B-00C04F79EFBC}") = "Web.Infrastructure.Test", "Web.Infrastructure.Test\Web.Infrastructure.Test.csproj", "{EC7EA542-BF43-4F61-8158-C21429282DF5}"
EndProject
Project("{FAE04EC0-301F-11D3-BF4B-00C04F79EFBC}") = "Crosscutting", "Crosscutting\Crosscutting.csproj", "{87DA64B2-5916-49DA-900C-5085F6F42BB9}"
EndProject
Project("{FAE04EC0-301F-11D3-BF4B-00C04F79EFBC}") = "Crosscutting.NetFramework", "Crosscutting.NetFramework\Crosscutting.NetFramework.csproj", "{23638ADF-19F6-49E4-994A-DB2F5A289390}"
EndProject
Project("{FAE04EC0-301F-11D3-BF4B-00C04F79EFBC}") = "Resource", "Resource\Resource.csproj", "{4BEA317D-D5AF-4125-9CBF-A70CB1C1EA31}"
EndProject
Project("{FAE04EC0-301F-11D3-BF4B-00C04F79EFBC}") = "Domain.MainBoundedContext", "Domain.MainBoundedContext\Domain.MainBoundedContext.csproj", "{9479571D-D967-4B86-8E97-FAF331A2CE96}"
EndProject
Project("{FAE04EC0-301F-11D3-BF4B-00C04F79EFBC}") = "Domain.MainBoundedContext.Test", "Domain.MainBoundedContext.Test\Domain.MainBoundedContext.Test.csproj", "{45CAE4E7-23A2-4D1A-AEE7-67C8C4998C7C}"
EndProject
Project("{FAE04EC0-301F-11D3-BF4B-00C04F79EFBC}") = "Domain.Seedwork", "Domain.Seedwork\Domain.Seedwork.csproj", "{BB896571-3ED2-43F0-AEAD-4FE9096A0328}"
EndProject
Project("{FAE04EC0-301F-11D3-BF4B-00C04F79EFBC}") = "Data.MainBoundedContext", "Data.MainBoundedContext\Data.MainBoundedContext.csproj", "{7197C4CE-7D53-466D-BE05-F09A18475965}"
EndProject
Project("{FAE04EC0-301F-11D3-BF4B-00C04F79EFBC}") = "Data.MainBoundedContext.Test", "Data.MainBoundedContext.Test\Data.MainBoundedContext.Test.csproj", "{9460CC48-7680-41D5-AC22-8AFFA20D91E2}"
EndProject
Project("{FAE04EC0-301F-11D3-BF4B-00C04F79EFBC}") = "Data.Mock", "Data.Mock\Data.Mock.csproj", "{CD71E6A5-E7B7-4A9C-ADDE-1B77011C2FBD}"
EndProject
Project("{FAE04EC0-301F-11D3-BF4B-00C04F79EFBC}") = "Data.Seedwork", "Data.Seedwork\Data.Seedwork.csproj", "{D71092F0-43DF-4DC0-AAF7-18B8EA55F1C6}"
EndProject
Project("{FAE04EC0-301F-11D3-BF4B-00C04F79EFBC}") = "Application.MainBoundedContext", "Application.MainBoundedContext\Application.MainBoundedContext.csproj", "{AD6C1904-DFC2-4A28-8DA1-C2A6E1F01F66}"
EndProject
Project("{FAE04EC0-301F-11D3-BF4B-00C04F79EFBC}") = "Application.MainBoundedContext.Test", "Application.MainBoundedContext.Test\Application.MainBoundedContext.Test.csproj", "{DD94E9E3-C15C-45BA-B28B-45D285A5391E}"
EndProject
Project("{FAE04EC0-301F-11D3-BF4B-00C04F79EFBC}") = "Application.Mock", "Application.Mock\Application.Mock.csproj", "{D478CE09-BF66-4BF4-BB9E-8075B0228032}"
EndProject
Project("{FAE04EC0-301F-11D3-BF4B-00C04F79EFBC}") = "Application.Seedwork", "Application.Seedwork\Application.Seedwork.csproj", "{8C4D51CA-587B-4875-9953-4C6461DB2D0F}"
EndProject
Global
	GlobalSection(SolutionConfigurationPlatforms) = preSolution
		Debug|Any CPU = Debug|Any CPU
		Release|Any CPU = Release|Any CPU
	EndGlobalSection
	GlobalSection(ProjectConfigurationPlatforms) = postSolution
		{2454CB59-DF13-4E6D-B790-FD2CE736649B}.Debug|Any CPU.ActiveCfg = Debug|Any CPU
		{2454CB59-DF13-4E6D-B790-FD2CE736649B}.Debug|Any CPU.Build.0 = Debug|Any CPU
		{2454CB59-DF13-4E6D-B790-FD2CE736649B}.Release|Any CPU.ActiveCfg = Release|Any CPU
		{2454CB59-DF13-4E6D-B790-FD2CE736649B}.Release|Any CPU.Build.0 = Release|Any CPU
		{F22A32B2-8444-437B-B45F-77F9CC459E0E}.Debug|Any CPU.ActiveCfg = Debug|Any CPU
		{F22A32B2-8444-437B-B45F-77F9CC459E0E}.Debug|Any CPU.Build.0 = Debug|Any CPU
		{F22A32B2-8444-437B-B45F-77F9CC459E0E}.Release|Any CPU.ActiveCfg = Release|Any CPU
		{F22A32B2-8444-437B-B45F-77F9CC459E0E}.Release|Any CPU.Build.0 = Release|Any CPU
		{EC7EA542-BF43-4F61-8158-C21429282DF5}.Debug|Any CPU.ActiveCfg = Debug|Any CPU
		{EC7EA542-BF43-4F61-8158-C21429282DF5}.Debug|Any CPU.Build.0 = Debug|Any CPU
		{EC7EA542-BF43-4F61-8158-C21429282DF5}.Release|Any CPU.ActiveCfg = Release|Any CPU
		{EC7EA542-BF43-4F61-8158-C21429282DF5}.Release|Any CPU.Build.0 = Release|Any CPU
		{87DA64B2-5916-49DA-900C-5085F6F42BB9}.Debug|Any CPU.ActiveCfg = Debug|Any CPU
		{87DA64B2-5916-49DA-900C-5085F6F42BB9}.Debug|Any CPU.Build.0 = Debug|Any CPU
		{87DA64B2-5916-49DA-900C-5085F6F42BB9}.Release|Any CPU.ActiveCfg = Release|Any CPU
		{87DA64B2-5916-49DA-900C-5085F6F42BB9}.Release|Any CPU.Build.0 = Release|Any CPU
		{23638ADF-19F6-49E4-994A-DB2F5A289390}.Debug|Any CPU.ActiveCfg = Debug|Any CPU
		{23638ADF-19F6-49E4-994A-DB2F5A289390}.Debug|Any CPU.Build.0 = Debug|Any CPU
		{23638ADF-19F6-49E4-994A-DB2F5A289390}.Release|Any CPU.ActiveCfg = Release|Any CPU
		{23638ADF-19F6-49E4-994A-DB2F5A289390}.Release|Any CPU.Build.0 = Release|Any CPU
		{4BEA317D-D5AF-4125-9CBF-A70CB1C1EA31}.Debug|Any CPU.ActiveCfg = Debug|Any CPU
		{4BEA317D-D5AF-4125-9CBF-A70CB1C1EA31}.Debug|Any CPU.Build.0 = Debug|Any CPU
		{4BEA317D-D5AF-4125-9CBF-A70CB1C1EA31}.Release|Any CPU.ActiveCfg = Release|Any CPU
		{4BEA317D-D5AF-4125-9CBF-A70CB1C1EA31}.Release|Any CPU.Build.0 = Release|Any CPU
		{9479571D-D967-4B86-8E97-FAF331A2CE96}.Debug|Any CPU.ActiveCfg = Debug|Any CPU
		{9479571D-D967-4B86-8E97-FAF331A2CE96}.Debug|Any CPU.Build.0 = Debug|Any CPU
		{9479571D-D967-4B86-8E97-FAF331A2CE96}.Release|Any CPU.ActiveCfg = Release|Any CPU
		{9479571D-D967-4B86-8E97-FAF331A2CE96}.Release|Any CPU.Build.0 = Release|Any CPU
		{45CAE4E7-23A2-4D1A-AEE7-67C8C4998C7C}.Debug|Any CPU.ActiveCfg = Debug|Any CPU
		{45CAE4E7-23A2-4D1A-AEE7-67C8C4998C7C}.Debug|Any CPU.Build.0 = Debug|Any CPU
		{45CAE4E7-23A2-4D1A-AEE7-67C8C4998C7C}.Release|Any CPU.ActiveCfg = Release|Any CPU
		{45CAE4E7-23A2-4D1A-AEE7-67C8C4998C7C}.Release|Any CPU.Build.0 = Release|Any CPU
		{BB896571-3ED2-43F0-AEAD-4FE9096A0328}.Debug|Any CPU.ActiveCfg = Debug|Any CPU
		{BB896571-3ED2-43F0-AEAD-4FE9096A0328}.Debug|Any CPU.Build.0 = Debug|Any CPU
		{BB896571-3ED2-43F0-AEAD-4FE9096A0328}.Release|Any CPU.ActiveCfg = Release|Any CPU
		{BB896571-3ED2-43F0-AEAD-4FE9096A0328}.Release|Any CPU.Build.0 = Release|Any CPU
		{7197C4CE-7D53-466D-BE05-F09A18475965}.Debug|Any CPU.ActiveCfg = Debug|Any CPU
		{7197C4CE-7D53-466D-BE05-F09A18475965}.Debug|Any CPU.Build.0 = Debug|Any CPU
		{7197C4CE-7D53-466D-BE05-F09A18475965}.Release|Any CPU.ActiveCfg = Release|Any CPU
		{7197C4CE-7D53-466D-BE05-F09A18475965}.Release|Any CPU.Build.0 = Release|Any CPU
		{9460CC48-7680-41D5-AC22-8AFFA20D91E2}.Debug|Any CPU.ActiveCfg = Debug|Any CPU
		{9460CC48-7680-41D5-AC22-8AFFA20D91E2}.Debug|Any CPU.Build.0 = Debug|Any CPU
		{9460CC48-7680-41D5-AC22-8AFFA20D91E2}.Release|Any CPU.ActiveCfg = Release|Any CPU
		{9460CC48-7680-41D5-AC22-8AFFA20D91E2}.Release|Any CPU.Build.0 = Release|Any CPU
		{CD71E6A5-E7B7-4A9C-ADDE-1B77011C2FBD}.Debug|Any CPU.ActiveCfg = Debug|Any CPU
		{CD71E6A5-E7B7-4A9C-ADDE-1B77011C2FBD}.Debug|Any CPU.Build.0 = Debug|Any CPU
		{CD71E6A5-E7B7-4A9C-ADDE-1B77011C2FBD}.Release|Any CPU.ActiveCfg = Release|Any CPU
		{CD71E6A5-E7B7-4A9C-ADDE-1B77011C2FBD}.Release|Any CPU.Build.0 = Release|Any CPU
		{D71092F0-43DF-4DC0-AAF7-18B8EA55F1C6}.Debug|Any CPU.ActiveCfg = Debug|Any CPU
		{D71092F0-43DF-4DC0-AAF7-18B8EA55F1C6}.Debug|Any CPU.Build.0 = Debug|Any CPU
		{D71092F0-43DF-4DC0-AAF7-18B8EA55F1C6}.Release|Any CPU.ActiveCfg = Release|Any CPU
		{D71092F0-43DF-4DC0-AAF7-18B8EA55F1C6}.Release|Any CPU.Build.0 = Release|Any CPU
		{AD6C1904-DFC2-4A28-8DA1-C2A6E1F01F66}.Debug|Any CPU.ActiveCfg = Debug|Any CPU
		{AD6C1904-DFC2-4A28-8DA1-C2A6E1F01F66}.Debug|Any CPU.Build.0 = Debug|Any CPU
		{AD6C1904-DFC2-4A28-8DA1-C2A6E1F01F66}.Release|Any CPU.ActiveCfg = Release|Any CPU
		{AD6C1904-DFC2-4A28-8DA1-C2A6E1F01F66}.Release|Any CPU.Build.0 = Release|Any CPU
		{DD94E9E3-C15C-45BA-B28B-45D285A5391E}.Debug|Any CPU.ActiveCfg = Debug|Any CPU
		{DD94E9E3-C15C-45BA-B28B-45D285A5391E}.Debug|Any CPU.Build.0 = Debug|Any CPU
		{DD94E9E3-C15C-45BA-B28B-45D285A5391E}.Release|Any CPU.ActiveCfg = Release|Any CPU
		{DD94E9E3-C15C-45BA-B28B-45D285A5391E}.Release|Any CPU.Build.0 = Release|Any CPU
		{D478CE09-BF66-4BF4-BB9E-8075B0228032}.Debug|Any CPU.ActiveCfg = Debug|Any CPU
		{D478CE09-BF66-4BF4-BB9E-8075B0228032}.Debug|Any CPU.Build.0 = Debug|Any CPU
		{D478CE09-BF66-4BF4-BB9E-8075B0228032}.Release|Any CPU.ActiveCfg = Release|Any CPU
		{D478CE09-BF66-4BF4-BB9E-8075B0228032}.Release|Any CPU.Build.0 = Release|Any CPU
		{8C4D51CA-587B-4875-9953-4C6461DB2D0F}.Debug|Any CPU.ActiveCfg = Debug|Any CPU
		{8C4D51CA-587B-4875-9953-4C6461DB2D0F}.Debug|Any CPU.Build.0 = Debug|Any CPU
		{8C4D51CA-587B-4875-9953-4C6461DB2D0F}.Release|Any CPU.ActiveCfg = Release|Any CPU
		{8C4D51CA-587B-4875-9953-4C6461DB2D0F}.Release|Any CPU.Build.0 = Release|Any CPU
	EndGlobalSection
	GlobalSection(SolutionProperties) = preSolution
		HideSolutionNode = FALSE
	EndGlobalSection
	GlobalSection(NestedProjects) = preSolution
		{AD6C1904-DFC2-4A28-8DA1-C2A6E1F01F66} = {BBB8A175-C937-4384-8F4F-700929F5D6A1}
		{DD94E9E3-C15C-45BA-B28B-45D285A5391E} = {BBB8A175-C937-4384-8F4F-700929F5D6A1}
		{D478CE09-BF66-4BF4-BB9E-8075B0228032} = {BBB8A175-C937-4384-8F4F-700929F5D6A1}
		{8C4D51CA-587B-4875-9953-4C6461DB2D0F} = {BBB8A175-C937-4384-8F4F-700929F5D6A1}
		{7197C4CE-7D53-466D-BE05-F09A18475965} = {C41E164F-2CB1-4665-BABC-736F8FC00B71}
		{9460CC48-7680-41D5-AC22-8AFFA20D91E2} = {C41E164F-2CB1-4665-BABC-736F8FC00B71}
		{CD71E6A5-E7B7-4A9C-ADDE-1B77011C2FBD} = {C41E164F-2CB1-4665-BABC-736F8FC00B71}
		{D71092F0-43DF-4DC0-AAF7-18B8EA55F1C6} = {C41E164F-2CB1-4665-BABC-736F8FC00B71}
		{9479571D-D967-4B86-8E97-FAF331A2CE96} = {202B2136-39F9-4DEC-BB85-B63383026EC4}
		{45CAE4E7-23A2-4D1A-AEE7-67C8C4998C7C} = {202B2136-39F9-4DEC-BB85-B63383026EC4}
		{BB896571-3ED2-43F0-AEAD-4FE9096A0328} = {202B2136-39F9-4DEC-BB85-B63383026EC4}
		{87DA64B2-5916-49DA-900C-5085F6F42BB9} = {78727552-1909-402E-B1D4-B67EEAB0F9F6}
		{23638ADF-19F6-49E4-994A-DB2F5A289390} = {78727552-1909-402E-B1D4-B67EEAB0F9F6}
		{4BEA317D-D5AF-4125-9CBF-A70CB1C1EA31} = {78727552-1909-402E-B1D4-B67EEAB0F9F6}
		{2454CB59-DF13-4E6D-B790-FD2CE736649B} = {E2CE6FAA-D2CC-4B9A-B276-77CA40192824}
		{F22A32B2-8444-437B-B45F-77F9CC459E0E} = {E2CE6FAA-D2CC-4B9A-B276-77CA40192824}
		{EC7EA542-BF43-4F61-8158-C21429282DF5} = {E2CE6FAA-D2CC-4B9A-B276-77CA40192824}
	EndGlobalSection
	GlobalSection(ExtensibilityGlobals) = postSolution
		VisualSVNWorkingCopyRoot = .
	EndGlobalSection
EndGlobal
